# This file is automatically @generated by Cargo.
# It is not intended for manual editing.
version = 3

[[package]]
name = "aho-corasick"
version = "1.1.3"
source = "registry+https://github.com/rust-lang/crates.io-index"
checksum = "8e60d3430d3a69478ad0993f19238d2df97c507009a52b3c10addcd7f6bcb916"
dependencies = [
 "memchr",
]

[[package]]
name = "allocator-api2"
version = "0.2.21"
source = "registry+https://github.com/rust-lang/crates.io-index"
checksum = "683d7910e743518b0e34f1186f92494becacb047c7b6bf616c96772180fef923"

[[package]]
name = "assert-unchecked"
version = "0.1.2"
source = "registry+https://github.com/rust-lang/crates.io-index"
checksum = "7330592adf847ee2e3513587b4db2db410a0d751378654e7e993d9adcbe5c795"

[[package]]
name = "autocfg"
version = "1.4.0"
source = "registry+https://github.com/rust-lang/crates.io-index"
checksum = "ace50bade8e6234aa140d9a2f552bbee1db4d353f69b8217bc503490fc1a9f26"

[[package]]
name = "base64-simd"
version = "0.8.0"
source = "registry+https://github.com/rust-lang/crates.io-index"
checksum = "339abbe78e73178762e23bea9dfd08e697eb3f3301cd4be981c0f78ba5859195"
dependencies = [
 "outref",
 "vsimd",
]

[[package]]
name = "bitflags"
version = "2.7.0"
source = "registry+https://github.com/rust-lang/crates.io-index"
checksum = "1be3f42a67d6d345ecd59f675f3f012d6974981560836e938c22b424b85ce1be"

[[package]]
name = "bstr"
version = "1.11.3"
source = "registry+https://github.com/rust-lang/crates.io-index"
checksum = "531a9155a481e2ee699d4f98f43c0ca4ff8ee1bfd55c31e9e98fb29d2b176fe0"
dependencies = [
 "memchr",
 "serde",
]

[[package]]
name = "bumpalo"
version = "3.16.0"
source = "registry+https://github.com/rust-lang/crates.io-index"
checksum = "79296716171880943b8470b5f8d03aa55eb2e645a4874bdbb28adb49162e012c"
dependencies = [
 "allocator-api2",
]

[[package]]
name = "castaway"
version = "0.2.3"
source = "registry+https://github.com/rust-lang/crates.io-index"
checksum = "0abae9be0aaf9ea96a3b1b8b1b55c602ca751eba1b1500220cea4ecbafe7c0d5"
dependencies = [
 "rustversion",
]

[[package]]
name = "cfg-if"
version = "1.0.0"
source = "registry+https://github.com/rust-lang/crates.io-index"
checksum = "baf1de4339761588bc0619e3cbc0120ee582ebb74b53b4efbf79117bd2da40fd"

[[package]]
name = "compact_str"
version = "0.8.1"
source = "registry+https://github.com/rust-lang/crates.io-index"
checksum = "3b79c4069c6cad78e2e0cdfcbd26275770669fb39fd308a752dc110e83b9af32"
dependencies = [
 "castaway",
 "cfg-if",
 "itoa",
 "rustversion",
 "ryu",
 "static_assertions",
]

[[package]]
name = "console"
version = "0.15.10"
source = "registry+https://github.com/rust-lang/crates.io-index"
checksum = "ea3c6ecd8059b57859df5c69830340ed3c41d30e3da0c1cbed90a96ac853041b"
dependencies = [
 "encode_unicode",
 "libc",
 "once_cell",
 "windows-sys",
]

[[package]]
name = "cow-utils"
version = "0.1.3"
source = "registry+https://github.com/rust-lang/crates.io-index"
checksum = "417bef24afe1460300965a25ff4a24b8b45ad011948302ec221e8a0a81eb2c79"

[[package]]
name = "either"
version = "1.13.0"
source = "registry+https://github.com/rust-lang/crates.io-index"
checksum = "60b1af1c220855b6ceac025d3f6ecdd2b7c4894bfe9cd9bda4fbb4bc7c0d4cf0"

[[package]]
name = "encode_unicode"
version = "1.0.0"
source = "registry+https://github.com/rust-lang/crates.io-index"
checksum = "34aa73646ffb006b8f5147f3dc182bd4bcb190227ce861fc4a4844bf8e3cb2c0"

[[package]]
name = "equivalent"
version = "1.0.1"
source = "registry+https://github.com/rust-lang/crates.io-index"
checksum = "5443807d6dff69373d433ab9ef5378ad8df50ca6298caf15de6e52e24aaf54d5"

[[package]]
name = "fixedbitset"
version = "0.5.7"
source = "registry+https://github.com/rust-lang/crates.io-index"
checksum = "1d674e81391d1e1ab681a28d99df07927c6d4aa5b027d7da16ba32d1d21ecd99"

[[package]]
name = "flame"
version = "0.2.2"
source = "registry+https://github.com/rust-lang/crates.io-index"
checksum = "1fc2706461e1ee94f55cab2ed2e3d34ae9536cfa830358ef80acff1a3dacab30"
dependencies = [
 "lazy_static",
 "serde",
 "serde_derive",
 "serde_json",
 "thread-id",
]

[[package]]
name = "flamescope"
version = "0.1.3"
source = "registry+https://github.com/rust-lang/crates.io-index"
checksum = "8168cbad48fdda10be94de9c6319f9e8ac5d3cf0a1abda1864269dfcca3d302a"
dependencies = [
 "flame",
 "indexmap",
 "serde",
 "serde_json",
]

[[package]]
name = "foldhash"
version = "0.1.4"
source = "registry+https://github.com/rust-lang/crates.io-index"
checksum = "a0d2fde1f7b3d48b8395d5f2de76c18a528bd6a9cdde438df747bfcba3e05d6f"

[[package]]
name = "globset"
version = "0.4.15"
source = "registry+https://github.com/rust-lang/crates.io-index"
checksum = "15f1ce686646e7f1e19bf7d5533fe443a45dbfb990e00629110797578b42fb19"
dependencies = [
 "aho-corasick",
 "bstr",
 "log",
 "regex-automata",
 "regex-syntax",
]

[[package]]
name = "hashbrown"
version = "0.15.2"
source = "registry+https://github.com/rust-lang/crates.io-index"
checksum = "bf151400ff0baff5465007dd2f3e717f3fe502074ca563069ce3a6629d07b289"
dependencies = [
 "allocator-api2",
 "equivalent",
 "foldhash",
]

[[package]]
name = "indexmap"
version = "2.7.0"
source = "registry+https://github.com/rust-lang/crates.io-index"
checksum = "62f822373a4fe84d4bb149bf54e584a7f4abec90e072ed49cda0edea5b95471f"
dependencies = [
 "equivalent",
 "hashbrown",
]

[[package]]
name = "insta"
version = "1.42.0"
source = "registry+https://github.com/rust-lang/crates.io-index"
checksum = "6513e4067e16e69ed1db5ab56048ed65db32d10ba5fc1217f5393f8f17d8b5a5"
dependencies = [
 "console",
 "globset",
 "linked-hash-map",
 "once_cell",
 "similar",
 "walkdir",
]

[[package]]
name = "itertools"
version = "0.14.0"
source = "registry+https://github.com/rust-lang/crates.io-index"
checksum = "2b192c782037fadd9cfa75548310488aabdbf3d2da73885b31bd0abd03351285"
dependencies = [
 "either",
]

[[package]]
name = "itoa"
version = "1.0.14"
source = "registry+https://github.com/rust-lang/crates.io-index"
checksum = "d75a2a4b1b190afb6f5425f10f6a8f959d2ea0b9c2b1d79553551850539e4674"

[[package]]
name = "lazy_static"
version = "0.2.11"
source = "registry+https://github.com/rust-lang/crates.io-index"
checksum = "76f033c7ad61445c5b347c7382dd1237847eb1bce590fe50365dcb33d546be73"

[[package]]
name = "libc"
version = "0.2.169"
source = "registry+https://github.com/rust-lang/crates.io-index"
checksum = "b5aba8db14291edd000dfcc4d620c7ebfb122c613afb886ca8803fa4e128a20a"

[[package]]
name = "line-index"
version = "0.1.2"
source = "registry+https://github.com/rust-lang/crates.io-index"
checksum = "3e27e0ed5a392a7f5ba0b3808a2afccff16c64933312c84b57618b49d1209bd2"
dependencies = [
 "nohash-hasher",
 "text-size",
]

[[package]]
name = "linked-hash-map"
version = "0.5.6"
source = "registry+https://github.com/rust-lang/crates.io-index"
checksum = "0717cef1bc8b636c6e1c1bbdefc09e6322da8a9321966e8928ef80d20f7f770f"

[[package]]
name = "log"
version = "0.4.25"
source = "registry+https://github.com/rust-lang/crates.io-index"
checksum = "04cbf5b083de1c7e0222a7a51dbfdba1cbe1c6ab0b15e29fff3f6c077fd9cd9f"

[[package]]
name = "memchr"
version = "2.7.4"
source = "registry+https://github.com/rust-lang/crates.io-index"
checksum = "78ca9ab1a0babb1e7d5695e3530886289c18cf2f87ec19a575a0abdce112e3a3"

[[package]]
name = "nohash-hasher"
version = "0.2.0"
source = "registry+https://github.com/rust-lang/crates.io-index"
checksum = "2bf50223579dc7cdcfb3bfcacf7069ff68243f8c363f62ffa99cf000a6b9c451"

[[package]]
name = "nonmax"
version = "0.5.5"
source = "registry+https://github.com/rust-lang/crates.io-index"
checksum = "610a5acd306ec67f907abe5567859a3c693fb9886eb1f012ab8f2a47bef3db51"

[[package]]
name = "num-bigint"
version = "0.4.6"
source = "registry+https://github.com/rust-lang/crates.io-index"
checksum = "a5e44f723f1133c9deac646763579fdb3ac745e418f2a7af9cd0c431da1f20b9"
dependencies = [
 "num-integer",
 "num-traits",
]

[[package]]
name = "num-integer"
version = "0.1.46"
source = "registry+https://github.com/rust-lang/crates.io-index"
checksum = "7969661fd2958a5cb096e56c8e1ad0444ac2bbcd0061bd28660485a44879858f"
dependencies = [
 "num-traits",
]

[[package]]
name = "num-traits"
version = "0.2.19"
source = "registry+https://github.com/rust-lang/crates.io-index"
checksum = "071dfc062690e90b734c0b2273ce72ad0ffa95f0c74596bc250dcfd960262841"
dependencies = [
 "autocfg",
]

[[package]]
name = "once_cell"
version = "1.20.2"
source = "registry+https://github.com/rust-lang/crates.io-index"
checksum = "1261fe7e33c73b354eab43b1273a57c8f967d0391e80353e51f764ac02cf6775"

[[package]]
name = "outref"
version = "0.5.1"
source = "registry+https://github.com/rust-lang/crates.io-index"
checksum = "4030760ffd992bef45b0ae3f10ce1aba99e33464c90d14dd7c039884963ddc7a"

[[package]]
name = "owo-colors"
version = "4.1.0"
source = "registry+https://github.com/rust-lang/crates.io-index"
checksum = "fb37767f6569cd834a413442455e0f066d0d522de8630436e2a1761d9726ba56"

[[package]]
name = "oxc"
version = "0.46.0"
source = "registry+https://github.com/rust-lang/crates.io-index"
checksum = "dd3e3fef7c8454e74017bda0cf5ddb0328b4dbecd67a0f5c72b00be2799d0e12"
dependencies = [
 "oxc_allocator",
 "oxc_ast",
 "oxc_codegen",
 "oxc_diagnostics",
 "oxc_mangler",
 "oxc_minifier",
 "oxc_parser",
 "oxc_regular_expression",
 "oxc_semantic",
 "oxc_span",
 "oxc_syntax",
]

[[package]]
name = "oxc-miette"
version = "1.0.2"
source = "registry+https://github.com/rust-lang/crates.io-index"
checksum = "e03e63fd113c068b82d07c9c614b0b146c08a3ac0a4dface3ea1d1a9d14d549e"
dependencies = [
 "cfg-if",
 "owo-colors",
 "oxc-miette-derive",
 "textwrap",
 "thiserror",
 "unicode-width 0.2.0",
]

[[package]]
name = "oxc-miette-derive"
version = "1.0.2"
source = "registry+https://github.com/rust-lang/crates.io-index"
checksum = "e21f680e8c5f1900297d394627d495351b9e37761f7bbf90116bd5eeb6e80967"
dependencies = [
 "proc-macro2",
 "quote",
 "syn",
]

[[package]]
name = "oxc_allocator"
version = "0.46.0"
source = "registry+https://github.com/rust-lang/crates.io-index"
checksum = "dd735ac4f5202cd854cc1f23b334de42e034ed89b07ea5acc183c629ac961922"
dependencies = [
 "allocator-api2",
 "bumpalo",
 "simdutf8",
]

[[package]]
name = "oxc_ast"
version = "0.46.0"
source = "registry+https://github.com/rust-lang/crates.io-index"
checksum = "c509311d40c5364ecd88b4dbc5f69634eb7e760bd1d549863c6d74bc4be26c33"
dependencies = [
 "bitflags",
 "cow-utils",
 "num-bigint",
 "num-traits",
 "oxc_allocator",
 "oxc_ast_macros",
 "oxc_estree",
 "oxc_regular_expression",
 "oxc_span",
 "oxc_syntax",
]

[[package]]
name = "oxc_ast_macros"
version = "0.46.0"
source = "registry+https://github.com/rust-lang/crates.io-index"
checksum = "920d141997d08c4d3110c5461418e23270e484f608b4e5c4d186ad794cef5c51"
dependencies = [
 "proc-macro2",
 "quote",
 "syn",
]

[[package]]
name = "oxc_cfg"
version = "0.46.0"
source = "registry+https://github.com/rust-lang/crates.io-index"
checksum = "6f1234386c2df9690b8bcc3f4da22ab27ceb699ee1ed40a803ae4029aa6eb6c5"
dependencies = [
 "bitflags",
 "itertools",
 "nonmax",
 "oxc_index",
 "oxc_syntax",
 "petgraph",
 "rustc-hash",
]

[[package]]
name = "oxc_codegen"
version = "0.46.0"
source = "registry+https://github.com/rust-lang/crates.io-index"
checksum = "3974d4e1727035d012401743e95d81956341d7baf84c9d318996ee36f1e658ca"
dependencies = [
 "assert-unchecked",
 "bitflags",
 "cow-utils",
 "nonmax",
 "oxc_allocator",
 "oxc_ast",
 "oxc_index",
 "oxc_mangler",
 "oxc_sourcemap",
 "oxc_span",
 "oxc_syntax",
 "rustc-hash",
]

[[package]]
name = "oxc_data_structures"
version = "0.46.0"
source = "registry+https://github.com/rust-lang/crates.io-index"
checksum = "d6a1dbe29d67d3ed8b8f6582dd0b1de3b50c10f3e8f6505cef2340205eccc2c2"
dependencies = [
 "assert-unchecked",
 "ropey",
]

[[package]]
name = "oxc_diagnostics"
version = "0.46.0"
source = "registry+https://github.com/rust-lang/crates.io-index"
checksum = "7987595069022940d1100d0206b3ccbbb6f7f35a0cc61a12031d3a4079abba84"
dependencies = [
 "oxc-miette",
 "rustc-hash",
]

[[package]]
name = "oxc_ecmascript"
version = "0.46.0"
source = "registry+https://github.com/rust-lang/crates.io-index"
checksum = "e6d95c9815396146b129c43deaab2d9f136c14ed2883663133edf81a0f77d7d6"
dependencies = [
 "num-bigint",
 "num-traits",
 "oxc_ast",
 "oxc_span",
 "oxc_syntax",
]

[[package]]
name = "oxc_estree"
version = "0.46.0"
source = "registry+https://github.com/rust-lang/crates.io-index"
checksum = "987b6d27d27d361009a61167c6a925053e840eadddf62136060772af0f5e9692"

[[package]]
name = "oxc_index"
version = "2.0.0"
source = "registry+https://github.com/rust-lang/crates.io-index"
checksum = "5eca5d9726cd0a6e433debe003b7bc88b2ecad0bb6109f0cef7c55e692139a34"

[[package]]
name = "oxc_mangler"
version = "0.46.0"
source = "registry+https://github.com/rust-lang/crates.io-index"
checksum = "99cffde4bbb35698c67efaeb03989c836a01e62a59f82231831df9eafb60f221"
dependencies = [
 "compact_str",
 "itertools",
 "oxc_allocator",
 "oxc_ast",
 "oxc_index",
 "oxc_semantic",
 "oxc_span",
 "rustc-hash",
]

[[package]]
name = "oxc_minifier"
version = "0.46.0"
source = "registry+https://github.com/rust-lang/crates.io-index"
checksum = "2d5296200ce3031aea47ffbc214ecaae24ebcb5534ab84232b418611d2313e55"
dependencies = [
 "cow-utils",
 "oxc_allocator",
 "oxc_ast",
 "oxc_codegen",
 "oxc_ecmascript",
 "oxc_mangler",
 "oxc_parser",
 "oxc_semantic",
 "oxc_span",
 "oxc_syntax",
 "oxc_traverse",
 "rustc-hash",
]

[[package]]
name = "oxc_parser"
version = "0.46.0"
source = "registry+https://github.com/rust-lang/crates.io-index"
checksum = "07e9f2e3a80279537b52ffab68282e09062a8794c421bc7e57c6b9b5060a8447"
dependencies = [
 "assert-unchecked",
 "bitflags",
 "cow-utils",
 "memchr",
 "num-bigint",
 "num-traits",
 "oxc_allocator",
 "oxc_ast",
 "oxc_diagnostics",
 "oxc_ecmascript",
 "oxc_regular_expression",
 "oxc_span",
 "oxc_syntax",
 "rustc-hash",
 "seq-macro",
]

[[package]]
name = "oxc_regular_expression"
version = "0.46.0"
source = "registry+https://github.com/rust-lang/crates.io-index"
checksum = "22065fe1523c70162b00cd6ac6e5b9ddd521cedf4f691801f0d024ee1f619a40"
dependencies = [
 "oxc_allocator",
 "oxc_ast_macros",
 "oxc_diagnostics",
 "oxc_estree",
 "oxc_span",
 "phf",
 "rustc-hash",
 "unicode-id-start",
]

[[package]]
name = "oxc_semantic"
version = "0.46.0"
source = "registry+https://github.com/rust-lang/crates.io-index"
checksum = "0ca7a8365faa0603f314b62b24cd751342455bd339f8d25d354f7dfd2c48628a"
dependencies = [
 "assert-unchecked",
 "hashbrown",
 "itertools",
 "oxc_allocator",
 "oxc_ast",
 "oxc_cfg",
 "oxc_data_structures",
 "oxc_diagnostics",
 "oxc_ecmascript",
 "oxc_index",
 "oxc_span",
 "oxc_syntax",
 "phf",
 "rustc-hash",
 "self_cell",
]

[[package]]
name = "oxc_sourcemap"
version = "1.0.6"
source = "registry+https://github.com/rust-lang/crates.io-index"
checksum = "48557f779d04c8bfa8a930db5a3c35c0a86ff4e6bf1552ce446b9596a6e77c42"
dependencies = [
 "base64-simd",
 "cfg-if",
 "cow-utils",
 "rustc-hash",
 "serde",
 "serde_json",
]

[[package]]
name = "oxc_span"
version = "0.46.0"
source = "registry+https://github.com/rust-lang/crates.io-index"
checksum = "394f0317461a29c55a50a05c70e3ea23694cdb3748ff7adab979a6a60c2cb709"
dependencies = [
 "compact_str",
 "oxc-miette",
 "oxc_allocator",
 "oxc_ast_macros",
 "oxc_estree",
]

[[package]]
name = "oxc_syntax"
version = "0.46.0"
source = "registry+https://github.com/rust-lang/crates.io-index"
checksum = "7dc1cad48f366df99384009928eae2b5dab39b629123b704ccb03221d41eddf4"
dependencies = [
 "assert-unchecked",
 "bitflags",
 "cow-utils",
 "nonmax",
 "oxc_allocator",
 "oxc_ast_macros",
 "oxc_estree",
 "oxc_index",
 "oxc_span",
 "phf",
 "rustc-hash",
 "ryu-js",
 "unicode-id-start",
]

[[package]]
name = "oxc_traverse"
version = "0.46.0"
source = "registry+https://github.com/rust-lang/crates.io-index"
checksum = "f4412a996bc23128a07454bc729f96ff212f66191f854710164505ea5156435d"
dependencies = [
 "compact_str",
 "itoa",
 "oxc_allocator",
 "oxc_ast",
 "oxc_data_structures",
 "oxc_ecmascript",
 "oxc_semantic",
 "oxc_span",
 "oxc_syntax",
 "rustc-hash",
]

[[package]]
name = "petgraph"
version = "0.7.1"
source = "registry+https://github.com/rust-lang/crates.io-index"
checksum = "3672b37090dbd86368a4145bc067582552b29c27377cad4e0a306c97f9bd7772"
dependencies = [
 "fixedbitset",
 "indexmap",
]

[[package]]
name = "phf"
version = "0.11.3"
source = "registry+https://github.com/rust-lang/crates.io-index"
checksum = "1fd6780a80ae0c52cc120a26a1a42c1ae51b247a253e4e06113d23d2c2edd078"
dependencies = [
 "phf_macros",
 "phf_shared",
]

[[package]]
name = "phf_generator"
version = "0.11.3"
source = "registry+https://github.com/rust-lang/crates.io-index"
checksum = "3c80231409c20246a13fddb31776fb942c38553c51e871f8cbd687a4cfb5843d"
dependencies = [
 "phf_shared",
 "rand",
]

[[package]]
name = "phf_macros"
version = "0.11.3"
source = "registry+https://github.com/rust-lang/crates.io-index"
checksum = "f84ac04429c13a7ff43785d75ad27569f2951ce0ffd30a3321230db2fc727216"
dependencies = [
 "phf_generator",
 "phf_shared",
 "proc-macro2",
 "quote",
 "syn",
]

[[package]]
name = "phf_shared"
version = "0.11.3"
source = "registry+https://github.com/rust-lang/crates.io-index"
checksum = "67eabc2ef2a60eb7faa00097bd1ffdb5bd28e62bf39990626a582201b7a754e5"
dependencies = [
 "siphasher",
]

[[package]]
name = "proc-macro2"
version = "1.0.92"
source = "registry+https://github.com/rust-lang/crates.io-index"
checksum = "37d3544b3f2748c54e147655edb5025752e2303145b5aefb3c3ea2c78b973bb0"
dependencies = [
 "unicode-ident",
]

[[package]]
name = "quote"
version = "1.0.38"
source = "registry+https://github.com/rust-lang/crates.io-index"
checksum = "0e4dccaaaf89514f546c693ddc140f729f958c247918a13380cccc6078391acc"
dependencies = [
 "proc-macro2",
]

[[package]]
name = "rand"
version = "0.8.5"
source = "registry+https://github.com/rust-lang/crates.io-index"
checksum = "34af8d1a0e25924bc5b7c43c079c942339d8f0a8b57c39049bef581b46327404"
dependencies = [
 "rand_core",
]

[[package]]
name = "rand_core"
version = "0.6.4"
source = "registry+https://github.com/rust-lang/crates.io-index"
checksum = "ec0be4795e2f6a28069bec0b5ff3e2ac9bafc99e6a9a7dc3547996c5c816922c"

[[package]]
name = "redox_syscall"
version = "0.1.57"
source = "registry+https://github.com/rust-lang/crates.io-index"
checksum = "41cc0f7e4d5d4544e8861606a285bb08d3e70712ccc7d2b84d7c0ccfaf4b05ce"

[[package]]
name = "regex"
version = "1.11.1"
source = "registry+https://github.com/rust-lang/crates.io-index"
checksum = "b544ef1b4eac5dc2db33ea63606ae9ffcfac26c1416a2806ae0bf5f56b201191"
dependencies = [
 "aho-corasick",
 "memchr",
 "regex-automata",
 "regex-syntax",
]

[[package]]
name = "regex-automata"
version = "0.4.9"
source = "registry+https://github.com/rust-lang/crates.io-index"
checksum = "809e8dc61f6de73b46c85f4c96486310fe304c434cfa43669d7b40f711150908"
dependencies = [
 "aho-corasick",
 "memchr",
 "regex-syntax",
]

[[package]]
name = "regex-syntax"
version = "0.8.5"
source = "registry+https://github.com/rust-lang/crates.io-index"
checksum = "2b15c43186be67a4fd63bee50d0303afffcef381492ebe2c5d87f324e1b8815c"

[[package]]
name = "ropey"
version = "1.6.1"
source = "registry+https://github.com/rust-lang/crates.io-index"
checksum = "93411e420bcd1a75ddd1dc3caf18c23155eda2c090631a85af21ba19e97093b5"
dependencies = [
 "smallvec",
 "str_indices",
]

[[package]]
name = "rustc-hash"
version = "2.1.0"
source = "registry+https://github.com/rust-lang/crates.io-index"
checksum = "c7fb8039b3032c191086b10f11f319a6e99e1e82889c5cc6046f515c9db1d497"

[[package]]
name = "rustversion"
version = "1.0.19"
source = "registry+https://github.com/rust-lang/crates.io-index"
checksum = "f7c45b9784283f1b2e7fb61b42047c2fd678ef0960d4f6f1eba131594cc369d4"

[[package]]
name = "ryu"
version = "1.0.18"
source = "registry+https://github.com/rust-lang/crates.io-index"
checksum = "f3cb5ba0dc43242ce17de99c180e96db90b235b8a9fdc9543c96d2209116bd9f"

[[package]]
name = "ryu-js"
version = "1.0.1"
source = "registry+https://github.com/rust-lang/crates.io-index"
checksum = "ad97d4ce1560a5e27cec89519dc8300d1aa6035b099821261c651486a19e44d5"

[[package]]
name = "same-file"
version = "1.0.6"
source = "registry+https://github.com/rust-lang/crates.io-index"
checksum = "93fc1dc3aaa9bfed95e02e6eadabb4baf7e3078b0bd1b4d7b6b0b68378900502"
dependencies = [
 "winapi-util",
]

[[package]]
name = "self_cell"
version = "1.1.0"
source = "registry+https://github.com/rust-lang/crates.io-index"
checksum = "c2fdfc24bc566f839a2da4c4295b82db7d25a24253867d5c64355abb5799bdbe"

[[package]]
name = "seq-macro"
version = "0.3.5"
source = "registry+https://github.com/rust-lang/crates.io-index"
checksum = "a3f0bf26fd526d2a95683cd0f87bf103b8539e2ca1ef48ce002d67aad59aa0b4"

[[package]]
name = "serde"
version = "1.0.217"
source = "registry+https://github.com/rust-lang/crates.io-index"
checksum = "02fc4265df13d6fa1d00ecff087228cc0a2b5f3c0e87e258d8b94a156e984c70"
dependencies = [
 "serde_derive",
]

[[package]]
name = "serde_derive"
version = "1.0.217"
source = "registry+https://github.com/rust-lang/crates.io-index"
checksum = "5a9bf7cf98d04a2b28aead066b7496853d4779c9cc183c440dbac457641e19a0"
dependencies = [
 "proc-macro2",
 "quote",
 "syn",
]

[[package]]
name = "serde_json"
version = "1.0.135"
source = "registry+https://github.com/rust-lang/crates.io-index"
checksum = "2b0d7ba2887406110130a978386c4e1befb98c674b4fba677954e4db976630d9"
dependencies = [
 "itoa",
 "memchr",
 "ryu",
 "serde",
]

[[package]]
name = "simdutf8"
version = "0.1.5"
source = "registry+https://github.com/rust-lang/crates.io-index"
checksum = "e3a9fe34e3e7a50316060351f37187a3f546bce95496156754b601a5fa71b76e"

[[package]]
name = "similar"
version = "2.6.0"
source = "registry+https://github.com/rust-lang/crates.io-index"
checksum = "1de1d4f81173b03af4c0cbed3c898f6bff5b870e4a7f5d6f4057d62a7a4b686e"

[[package]]
name = "simple_ts"
version = "0.1.0"
dependencies = [
 "bitflags",
 "flame",
 "flamescope",
 "insta",
 "line-index",
 "oxc",
 "oxc_ecmascript",
 "oxc_index",
 "oxc_syntax",
 "regex",
 "rustc-hash",
]

[[package]]
name = "siphasher"
version = "1.0.1"
source = "registry+https://github.com/rust-lang/crates.io-index"
checksum = "56199f7ddabf13fe5074ce809e7d3f42b42ae711800501b5b16ea82ad029c39d"

[[package]]
name = "smallvec"
version = "1.13.2"
source = "registry+https://github.com/rust-lang/crates.io-index"
checksum = "3c5e1a9a646d36c3599cd173a41282daf47c44583ad367b8e6837255952e5c67"

[[package]]
name = "smawk"
version = "0.3.2"
source = "registry+https://github.com/rust-lang/crates.io-index"
checksum = "b7c388c1b5e93756d0c740965c41e8822f866621d41acbdf6336a6a168f8840c"

[[package]]
name = "static_assertions"
version = "1.1.0"
source = "registry+https://github.com/rust-lang/crates.io-index"
checksum = "a2eb9349b6444b326872e140eb1cf5e7c522154d69e7a0ffb0fb81c06b37543f"

[[package]]
name = "str_indices"
version = "0.4.4"
source = "registry+https://github.com/rust-lang/crates.io-index"
checksum = "d08889ec5408683408db66ad89e0e1f93dff55c73a4ccc71c427d5b277ee47e6"

[[package]]
name = "syn"
version = "2.0.96"
source = "registry+https://github.com/rust-lang/crates.io-index"
checksum = "d5d0adab1ae378d7f53bdebc67a39f1f151407ef230f0ce2883572f5d8985c80"
dependencies = [
 "proc-macro2",
 "quote",
 "unicode-ident",
]

[[package]]
name = "text-size"
version = "1.1.1"
source = "registry+https://github.com/rust-lang/crates.io-index"
checksum = "f18aa187839b2bdb1ad2fa35ead8c4c2976b64e4363c386d45ac0f7ee85c9233"

[[package]]
name = "textwrap"
version = "0.16.1"
source = "registry+https://github.com/rust-lang/crates.io-index"
checksum = "23d434d3f8967a09480fb04132ebe0a3e088c173e6d0ee7897abbdf4eab0f8b9"
dependencies = [
 "smawk",
 "unicode-linebreak",
 "unicode-width 0.1.14",
]

[[package]]
name = "thiserror"
version = "1.0.69"
source = "registry+https://github.com/rust-lang/crates.io-index"
checksum = "b6aaf5339b578ea85b50e080feb250a3e8ae8cfcdff9a461c9ec2904bc923f52"
dependencies = [
 "thiserror-impl",
]

[[package]]
name = "thiserror-impl"
version = "1.0.69"
source = "registry+https://github.com/rust-lang/crates.io-index"
checksum = "4fee6c4efc90059e10f81e6d42c60a18f76588c3d74cb83a0b242a2b6c7504c1"
dependencies = [
 "proc-macro2",
 "quote",
 "syn",
]

[[package]]
name = "thread-id"
version = "3.3.0"
source = "registry+https://github.com/rust-lang/crates.io-index"
checksum = "c7fbf4c9d56b320106cd64fd024dadfa0be7cb4706725fc44a7d7ce952d820c1"
dependencies = [
 "libc",
 "redox_syscall",
 "winapi",
]

[[package]]
name = "unicode-id-start"
version = "1.3.1"
source = "registry+https://github.com/rust-lang/crates.io-index"
checksum = "2f322b60f6b9736017344fa0635d64be2f458fbc04eef65f6be22976dd1ffd5b"

[[package]]
name = "unicode-ident"
version = "1.0.14"
source = "registry+https://github.com/rust-lang/crates.io-index"
checksum = "adb9e6ca4f869e1180728b7950e35922a7fc6397f7b641499e8f3ef06e50dc83"

[[package]]
name = "unicode-linebreak"
version = "0.1.5"
source = "registry+https://github.com/rust-lang/crates.io-index"
checksum = "3b09c83c3c29d37506a3e260c08c03743a6bb66a9cd432c6934ab501a190571f"

[[package]]
name = "unicode-width"
version = "0.1.14"
source = "registry+https://github.com/rust-lang/crates.io-index"
checksum = "7dd6e30e90baa6f72411720665d41d89b9a3d039dc45b8faea1ddd07f617f6af"

[[package]]
name = "unicode-width"
version = "0.2.0"
source = "registry+https://github.com/rust-lang/crates.io-index"
checksum = "1fc81956842c57dac11422a97c3b8195a1ff727f06e85c84ed2e8aa277c9a0fd"

[[package]]
name = "vsimd"
version = "0.8.0"
source = "registry+https://github.com/rust-lang/crates.io-index"
checksum = "5c3082ca00d5a5ef149bb8b555a72ae84c9c59f7250f013ac822ac2e49b19c64"

[[package]]
name = "walkdir"
version = "2.5.0"
source = "registry+https://github.com/rust-lang/crates.io-index"
checksum = "29790946404f91d9c5d06f9874efddea1dc06c5efe94541a7d6863108e3a5e4b"
dependencies = [
 "same-file",
 "winapi-util",
]

[[package]]
name = "winapi"
version = "0.3.9"
source = "registry+https://github.com/rust-lang/crates.io-index"
checksum = "5c839a674fcd7a98952e593242ea400abe93992746761e38641405d28b00f419"
dependencies = [
 "winapi-i686-pc-windows-gnu",
 "winapi-x86_64-pc-windows-gnu",
]

[[package]]
name = "winapi-i686-pc-windows-gnu"
version = "0.4.0"
source = "registry+https://github.com/rust-lang/crates.io-index"
checksum = "ac3b87c63620426dd9b991e5ce0329eff545bccbbb34f3be09ff6fb6ab51b7b6"

[[package]]
name = "winapi-util"
version = "0.1.9"
source = "registry+https://github.com/rust-lang/crates.io-index"
checksum = "cf221c93e13a30d793f7645a0e7762c55d169dbb0a49671918a2319d289b10bb"
dependencies = [
 "windows-sys",
]

[[package]]
name = "winapi-x86_64-pc-windows-gnu"
version = "0.4.0"
source = "registry+https://github.com/rust-lang/crates.io-index"
checksum = "712e227841d057c1ee1cd2fb22fa7e5a5461ae8e48fa2ca79ec42cfc1931183f"

[[package]]
name = "windows-sys"
version = "0.59.0"
source = "registry+https://github.com/rust-lang/crates.io-index"
checksum = "1e38bc4d79ed67fd075bcc251a1c39b32a1776bbe92e5bef1f0bf1f8c531853b"
dependencies = [
 "windows-targets",
]

[[package]]
name = "windows-targets"
version = "0.52.6"
source = "registry+https://github.com/rust-lang/crates.io-index"
checksum = "9b724f72796e036ab90c1021d4780d4d3d648aca59e491e6b98e725b84e99973"
dependencies = [
 "windows_aarch64_gnullvm",
 "windows_aarch64_msvc",
 "windows_i686_gnu",
 "windows_i686_gnullvm",
 "windows_i686_msvc",
 "windows_x86_64_gnu",
 "windows_x86_64_gnullvm",
 "windows_x86_64_msvc",
]

[[package]]
name = "windows_aarch64_gnullvm"
version = "0.52.6"
source = "registry+https://github.com/rust-lang/crates.io-index"
checksum = "32a4622180e7a0ec044bb555404c800bc9fd9ec262ec147edd5989ccd0c02cd3"

[[package]]
name = "windows_aarch64_msvc"
version = "0.52.6"
source = "registry+https://github.com/rust-lang/crates.io-index"
checksum = "09ec2a7bb152e2252b53fa7803150007879548bc709c039df7627cabbd05d469"

[[package]]
name = "windows_i686_gnu"
version = "0.52.6"
source = "registry+https://github.com/rust-lang/crates.io-index"
checksum = "8e9b5ad5ab802e97eb8e295ac6720e509ee4c243f69d781394014ebfe8bbfa0b"

[[package]]
name = "windows_i686_gnullvm"
version = "0.52.6"
source = "registry+https://github.com/rust-lang/crates.io-index"
checksum = "0eee52d38c090b3caa76c563b86c3a4bd71ef1a819287c19d586d7334ae8ed66"

[[package]]
name = "windows_i686_msvc"
version = "0.52.6"
source = "registry+https://github.com/rust-lang/crates.io-index"
checksum = "240948bc05c5e7c6dabba28bf89d89ffce3e303022809e73deaefe4f6ec56c66"

[[package]]
name = "windows_x86_64_gnu"
version = "0.52.6"
source = "registry+https://github.com/rust-lang/crates.io-index"
checksum = "147a5c80aabfbf0c7d901cb5895d1de30ef2907eb21fbbab29ca94c5b08b1a78"

[[package]]
name = "windows_x86_64_gnullvm"
version = "0.52.6"
source = "registry+https://github.com/rust-lang/crates.io-index"
checksum = "24d5b23dc417412679681396f2b49f3de8c1473deb516bd34410872eff51ed0d"

[[package]]
name = "windows_x86_64_msvc"
version = "0.52.6"
source = "registry+https://github.com/rust-lang/crates.io-index"
checksum = "589f6da84c646204747d1270a2a5661ea66ed1cced2631d546fdfb155959f9ec"
